
Microsoft Visual Studio Solution File, Format Version 12.00
# Visual Studio Version 17
VisualStudioVersion = 17.8.34330.188
MinimumVisualStudioVersion = 10.0.40219.1
Project("{FAE04EC0-301F-11D3-BF4B-00C04F79EFBC}") = "Q&AMoon", "Q&AMoon.csproj", "{646B0247-ADEE-4DB3-B6B0-6BA40F951416}"
EndProject
Global
	GlobalSection(SolutionConfigurationPlatforms) = preSolution
		Debug|Any CPU = Debug|Any CPU
		Release|Any CPU = Release|Any CPU
	EndGlobalSection
	GlobalSection(ProjectConfigurationPlatforms) = postSolution
		{646B0247-ADEE-4DB3-B6B0-6BA40F951416}.Debug|Any CPU.ActiveCfg = Debug|Any CPU
		{646B0247-ADEE-4DB3-B6B0-6BA40F951416}.Debug|Any CPU.Build.0 = Debug|Any CPU
		{646B0247-ADEE-4DB3-B6B0-6BA40F951416}.Release|Any CPU.ActiveCfg = Release|Any CPU
		{646B0247-ADEE-4DB3-B6B0-6BA40F951416}.Release|Any CPU.Build.0 = Release|Any CPU
	EndGlobalSection
	GlobalSection(SolutionProperties) = preSolution
		HideSolutionNode = FALSE
	EndGlobalSection
	GlobalSection(ExtensibilityGlobals) = postSolution
		SolutionGuid = {F068EB6C-111B-49C4-B822-8CFC91442E0B}
	EndGlobalSection
EndGlobal
